
Microsoft Visual Studio Solution File, Format Version 12.00
# Visual Studio Version 16
VisualStudioVersion = 16.0.30907.101
MinimumVisualStudioVersion = 10.0.40219.1
Project("{2150E333-8FDC-42A3-9474-1A3956D46DE8}") = "01_Cafe", "01_Cafe", "{2F9E56D0-59C2-48A0-BE5F-CF77F1F9D940}"
EndProject
Project("{2150E333-8FDC-42A3-9474-1A3956D46DE8}") = "02_Claim Insurance", "02_Claim Insurance", "{DAEC981C-6269-46D3-B279-1144852166D4}"
EndProject
Project("{2150E333-8FDC-42A3-9474-1A3956D46DE8}") = "03_Badges", "03_Badges", "{62F2180C-A2B4-4F67-BCAE-065CB9AF21EC}"
EndProject
Project("{FAE04EC0-301F-11D3-BF4B-00C04F79EFBC}") = "01_Menu", "01_Menu\01_Menu.csproj", "{8C96F57D-943B-48FB-A837-FB40EACF0207}"
EndProject
Project("{FAE04EC0-301F-11D3-BF4B-00C04F79EFBC}") = "02_MenuRepoTests", "02_MenuRepoTests\02_MenuRepoTests.csproj", "{DD0B76C0-91D6-4687-9471-A6D8C74A0262}"
EndProject
Project("{FAE04EC0-301F-11D3-BF4B-00C04F79EFBC}") = "MenuUI", "MenuUI\MenuUI.csproj", "{766BF340-C8C1-4CD3-9FEF-8849072F3A01}"
EndProject
Project("{FAE04EC0-301F-11D3-BF4B-00C04F79EFBC}") = "01_Claims", "01_Claims\01_Claims.csproj", "{6476A819-EB42-4277-8D58-8D89E468C071}"
EndProject
Project("{FAE04EC0-301F-11D3-BF4B-00C04F79EFBC}") = "ClaimsRepoTests", "ClaimsRepoTests\ClaimsRepoTests.csproj", "{A3853CC6-E464-4007-8335-E1677096B540}"
EndProject
Project("{FAE04EC0-301F-11D3-BF4B-00C04F79EFBC}") = "ClaimsUI", "ClaimsUI\ClaimsUI.csproj", "{CF85B22C-2EFC-46F4-9072-1899C386AF49}"
EndProject
Global
	GlobalSection(SolutionConfigurationPlatforms) = preSolution
		Debug|Any CPU = Debug|Any CPU
		Release|Any CPU = Release|Any CPU
	EndGlobalSection
	GlobalSection(ProjectConfigurationPlatforms) = postSolution
		{8C96F57D-943B-48FB-A837-FB40EACF0207}.Debug|Any CPU.ActiveCfg = Debug|Any CPU
		{8C96F57D-943B-48FB-A837-FB40EACF0207}.Debug|Any CPU.Build.0 = Debug|Any CPU
		{8C96F57D-943B-48FB-A837-FB40EACF0207}.Release|Any CPU.ActiveCfg = Release|Any CPU
		{8C96F57D-943B-48FB-A837-FB40EACF0207}.Release|Any CPU.Build.0 = Release|Any CPU
		{DD0B76C0-91D6-4687-9471-A6D8C74A0262}.Debug|Any CPU.ActiveCfg = Debug|Any CPU
		{DD0B76C0-91D6-4687-9471-A6D8C74A0262}.Debug|Any CPU.Build.0 = Debug|Any CPU
		{DD0B76C0-91D6-4687-9471-A6D8C74A0262}.Release|Any CPU.ActiveCfg = Release|Any CPU
		{DD0B76C0-91D6-4687-9471-A6D8C74A0262}.Release|Any CPU.Build.0 = Release|Any CPU
		{766BF340-C8C1-4CD3-9FEF-8849072F3A01}.Debug|Any CPU.ActiveCfg = Debug|Any CPU
		{766BF340-C8C1-4CD3-9FEF-8849072F3A01}.Debug|Any CPU.Build.0 = Debug|Any CPU
		{766BF340-C8C1-4CD3-9FEF-8849072F3A01}.Release|Any CPU.ActiveCfg = Release|Any CPU
		{766BF340-C8C1-4CD3-9FEF-8849072F3A01}.Release|Any CPU.Build.0 = Release|Any CPU
		{6476A819-EB42-4277-8D58-8D89E468C071}.Debug|Any CPU.ActiveCfg = Debug|Any CPU
		{6476A819-EB42-4277-8D58-8D89E468C071}.Debug|Any CPU.Build.0 = Debug|Any CPU
		{6476A819-EB42-4277-8D58-8D89E468C071}.Release|Any CPU.ActiveCfg = Release|Any CPU
		{6476A819-EB42-4277-8D58-8D89E468C071}.Release|Any CPU.Build.0 = Release|Any CPU
		{A3853CC6-E464-4007-8335-E1677096B540}.Debug|Any CPU.ActiveCfg = Debug|Any CPU
		{A3853CC6-E464-4007-8335-E1677096B540}.Debug|Any CPU.Build.0 = Debug|Any CPU
		{A3853CC6-E464-4007-8335-E1677096B540}.Release|Any CPU.ActiveCfg = Release|Any CPU
		{A3853CC6-E464-4007-8335-E1677096B540}.Release|Any CPU.Build.0 = Release|Any CPU
		{CF85B22C-2EFC-46F4-9072-1899C386AF49}.Debug|Any CPU.ActiveCfg = Debug|Any CPU
		{CF85B22C-2EFC-46F4-9072-1899C386AF49}.Debug|Any CPU.Build.0 = Debug|Any CPU
		{CF85B22C-2EFC-46F4-9072-1899C386AF49}.Release|Any CPU.ActiveCfg = Release|Any CPU
		{CF85B22C-2EFC-46F4-9072-1899C386AF49}.Release|Any CPU.Build.0 = Release|Any CPU
	EndGlobalSection
	GlobalSection(SolutionProperties) = preSolution
		HideSolutionNode = FALSE
	EndGlobalSection
	GlobalSection(NestedProjects) = preSolution
		{8C96F57D-943B-48FB-A837-FB40EACF0207} = {2F9E56D0-59C2-48A0-BE5F-CF77F1F9D940}
		{DD0B76C0-91D6-4687-9471-A6D8C74A0262} = {2F9E56D0-59C2-48A0-BE5F-CF77F1F9D940}
		{766BF340-C8C1-4CD3-9FEF-8849072F3A01} = {2F9E56D0-59C2-48A0-BE5F-CF77F1F9D940}
		{6476A819-EB42-4277-8D58-8D89E468C071} = {DAEC981C-6269-46D3-B279-1144852166D4}
		{A3853CC6-E464-4007-8335-E1677096B540} = {DAEC981C-6269-46D3-B279-1144852166D4}
		{CF85B22C-2EFC-46F4-9072-1899C386AF49} = {DAEC981C-6269-46D3-B279-1144852166D4}
	EndGlobalSection
	GlobalSection(ExtensibilityGlobals) = postSolution
		SolutionGuid = {C6DDD481-4E6A-4D7A-A829-8C678E172BCD}
	EndGlobalSection
EndGlobal
