
Microsoft Visual Studio Solution File, Format Version 12.00
# Visual Studio Version 16
VisualStudioVersion = 16.0.30907.101
MinimumVisualStudioVersion = 10.0.40219.1
Project("{2150E333-8FDC-42A3-9474-1A3956D46DE8}") = "01_Cafe", "01_Cafe", "{2F9E56D0-59C2-48A0-BE5F-CF77F1F9D940}"
EndProject
Project("{2150E333-8FDC-42A3-9474-1A3956D46DE8}") = "02_Claim Insurance", "02_Claim Insurance", "{DAEC981C-6269-46D3-B279-1144852166D4}"
EndProject
Project("{2150E333-8FDC-42A3-9474-1A3956D46DE8}") = "03_Badges", "03_Badges", "{62F2180C-A2B4-4F67-BCAE-065CB9AF21EC}"
EndProject
Project("{FAE04EC0-301F-11D3-BF4B-00C04F79EFBC}") = "01_Menu", "01_Menu\01_Menu.csproj", "{8C96F57D-943B-48FB-A837-FB40EACF0207}"
EndProject
Project("{FAE04EC0-301F-11D3-BF4B-00C04F79EFBC}") = "02_MenuRepoTests", "02_MenuRepoTests\02_MenuRepoTests.csproj", "{DD0B76C0-91D6-4687-9471-A6D8C74A0262}"
EndProject
Project("{FAE04EC0-301F-11D3-BF4B-00C04F79EFBC}") = "01_Claims", "01_Claims\01_Claims.csproj", "{6476A819-EB42-4277-8D58-8D89E468C071}"
EndProject
Project("{FAE04EC0-301F-11D3-BF4B-00C04F79EFBC}") = "01_Badges", "01_Badges\01_Badges.csproj", "{42A34C41-76D9-4B91-A30E-45F1E5845887}"
EndProject
Project("{FAE04EC0-301F-11D3-BF4B-00C04F79EFBC}") = "02_BadgeRepoTests", "02_BadgeRepo\02_BadgeRepoTests.csproj", "{E29AF902-8520-45CA-B7EE-2F940E7290E9}"
EndProject
Project("{FAE04EC0-301F-11D3-BF4B-00C04F79EFBC}") = "03_BadgeUI", "03_BadgeUI\03_BadgeUI.csproj", "{909B82DE-EB79-4EF0-B915-D380FA9C06D2}"
EndProject
Project("{FAE04EC0-301F-11D3-BF4B-00C04F79EFBC}") = "03_MenuUI", "03_MenuUI\03_MenuUI.csproj", "{7E39EB57-7EE0-447B-95D0-CA907D14E1CC}"
EndProject
Project("{FAE04EC0-301F-11D3-BF4B-00C04F79EFBC}") = "02_ClaimsRepoTests", "02_ClaimsRepoTests\02_ClaimsRepoTests.csproj", "{E5B9CCE7-75CF-4C36-8313-0760FF1FF918}"
EndProject
Project("{FAE04EC0-301F-11D3-BF4B-00C04F79EFBC}") = "03_ClaimsUI", "03_ClaimsUI\03_ClaimsUI.csproj", "{03C9C2D9-7E6B-4809-B567-7AC88E2CFCAF}"
EndProject
Global
	GlobalSection(SolutionConfigurationPlatforms) = preSolution
		Debug|Any CPU = Debug|Any CPU
		Release|Any CPU = Release|Any CPU
	EndGlobalSection
	GlobalSection(ProjectConfigurationPlatforms) = postSolution
		{8C96F57D-943B-48FB-A837-FB40EACF0207}.Debug|Any CPU.ActiveCfg = Debug|Any CPU
		{8C96F57D-943B-48FB-A837-FB40EACF0207}.Debug|Any CPU.Build.0 = Debug|Any CPU
		{8C96F57D-943B-48FB-A837-FB40EACF0207}.Release|Any CPU.ActiveCfg = Release|Any CPU
		{8C96F57D-943B-48FB-A837-FB40EACF0207}.Release|Any CPU.Build.0 = Release|Any CPU
		{DD0B76C0-91D6-4687-9471-A6D8C74A0262}.Debug|Any CPU.ActiveCfg = Debug|Any CPU
		{DD0B76C0-91D6-4687-9471-A6D8C74A0262}.Debug|Any CPU.Build.0 = Debug|Any CPU
		{DD0B76C0-91D6-4687-9471-A6D8C74A0262}.Release|Any CPU.ActiveCfg = Release|Any CPU
		{DD0B76C0-91D6-4687-9471-A6D8C74A0262}.Release|Any CPU.Build.0 = Release|Any CPU
		{6476A819-EB42-4277-8D58-8D89E468C071}.Debug|Any CPU.ActiveCfg = Debug|Any CPU
		{6476A819-EB42-4277-8D58-8D89E468C071}.Debug|Any CPU.Build.0 = Debug|Any CPU
		{6476A819-EB42-4277-8D58-8D89E468C071}.Release|Any CPU.ActiveCfg = Release|Any CPU
		{6476A819-EB42-4277-8D58-8D89E468C071}.Release|Any CPU.Build.0 = Release|Any CPU
		{42A34C41-76D9-4B91-A30E-45F1E5845887}.Debug|Any CPU.ActiveCfg = Debug|Any CPU
		{42A34C41-76D9-4B91-A30E-45F1E5845887}.Debug|Any CPU.Build.0 = Debug|Any CPU
		{42A34C41-76D9-4B91-A30E-45F1E5845887}.Release|Any CPU.ActiveCfg = Release|Any CPU
		{42A34C41-76D9-4B91-A30E-45F1E5845887}.Release|Any CPU.Build.0 = Release|Any CPU
		{E29AF902-8520-45CA-B7EE-2F940E7290E9}.Debug|Any CPU.ActiveCfg = Debug|Any CPU
		{E29AF902-8520-45CA-B7EE-2F940E7290E9}.Debug|Any CPU.Build.0 = Debug|Any CPU
		{E29AF902-8520-45CA-B7EE-2F940E7290E9}.Release|Any CPU.ActiveCfg = Release|Any CPU
		{E29AF902-8520-45CA-B7EE-2F940E7290E9}.Release|Any CPU.Build.0 = Release|Any CPU
		{909B82DE-EB79-4EF0-B915-D380FA9C06D2}.Debug|Any CPU.ActiveCfg = Debug|Any CPU
		{909B82DE-EB79-4EF0-B915-D380FA9C06D2}.Debug|Any CPU.Build.0 = Debug|Any CPU
		{909B82DE-EB79-4EF0-B915-D380FA9C06D2}.Release|Any CPU.ActiveCfg = Release|Any CPU
		{909B82DE-EB79-4EF0-B915-D380FA9C06D2}.Release|Any CPU.Build.0 = Release|Any CPU
		{7E39EB57-7EE0-447B-95D0-CA907D14E1CC}.Debug|Any CPU.ActiveCfg = Debug|Any CPU
		{7E39EB57-7EE0-447B-95D0-CA907D14E1CC}.Debug|Any CPU.Build.0 = Debug|Any CPU
		{7E39EB57-7EE0-447B-95D0-CA907D14E1CC}.Release|Any CPU.ActiveCfg = Release|Any CPU
		{7E39EB57-7EE0-447B-95D0-CA907D14E1CC}.Release|Any CPU.Build.0 = Release|Any CPU
		{E5B9CCE7-75CF-4C36-8313-0760FF1FF918}.Debug|Any CPU.ActiveCfg = Debug|Any CPU
		{E5B9CCE7-75CF-4C36-8313-0760FF1FF918}.Debug|Any CPU.Build.0 = Debug|Any CPU
		{E5B9CCE7-75CF-4C36-8313-0760FF1FF918}.Release|Any CPU.ActiveCfg = Release|Any CPU
		{E5B9CCE7-75CF-4C36-8313-0760FF1FF918}.Release|Any CPU.Build.0 = Release|Any CPU
		{03C9C2D9-7E6B-4809-B567-7AC88E2CFCAF}.Debug|Any CPU.ActiveCfg = Debug|Any CPU
		{03C9C2D9-7E6B-4809-B567-7AC88E2CFCAF}.Debug|Any CPU.Build.0 = Debug|Any CPU
		{03C9C2D9-7E6B-4809-B567-7AC88E2CFCAF}.Release|Any CPU.ActiveCfg = Release|Any CPU
		{03C9C2D9-7E6B-4809-B567-7AC88E2CFCAF}.Release|Any CPU.Build.0 = Release|Any CPU
	EndGlobalSection
	GlobalSection(SolutionProperties) = preSolution
		HideSolutionNode = FALSE
	EndGlobalSection
	GlobalSection(NestedProjects) = preSolution
		{8C96F57D-943B-48FB-A837-FB40EACF0207} = {2F9E56D0-59C2-48A0-BE5F-CF77F1F9D940}
		{DD0B76C0-91D6-4687-9471-A6D8C74A0262} = {2F9E56D0-59C2-48A0-BE5F-CF77F1F9D940}
		{6476A819-EB42-4277-8D58-8D89E468C071} = {DAEC981C-6269-46D3-B279-1144852166D4}
		{42A34C41-76D9-4B91-A30E-45F1E5845887} = {62F2180C-A2B4-4F67-BCAE-065CB9AF21EC}
		{E29AF902-8520-45CA-B7EE-2F940E7290E9} = {62F2180C-A2B4-4F67-BCAE-065CB9AF21EC}
		{909B82DE-EB79-4EF0-B915-D380FA9C06D2} = {62F2180C-A2B4-4F67-BCAE-065CB9AF21EC}
		{7E39EB57-7EE0-447B-95D0-CA907D14E1CC} = {2F9E56D0-59C2-48A0-BE5F-CF77F1F9D940}
		{E5B9CCE7-75CF-4C36-8313-0760FF1FF918} = {DAEC981C-6269-46D3-B279-1144852166D4}
		{03C9C2D9-7E6B-4809-B567-7AC88E2CFCAF} = {DAEC981C-6269-46D3-B279-1144852166D4}
	EndGlobalSection
	GlobalSection(ExtensibilityGlobals) = postSolution
		SolutionGuid = {C6DDD481-4E6A-4D7A-A829-8C678E172BCD}
	EndGlobalSection
EndGlobal
